
Microsoft Visual Studio Solution File, Format Version 12.00
# Visual Studio Version 17
VisualStudioVersion = 17.0.31903.59
MinimumVisualStudioVersion = 10.0.40219.1
Project("{FAE04EC0-301F-11D3-BF4B-00C04F79EFBC}") = "OfficeApp", "web\OfficeApp\OfficeApp.csproj", "{ED36BB51-C904-4E51-972F-D84C44B103A9}"
EndProject
Project("{FAE04EC0-301F-11D3-BF4B-00C04F79EFBC}") = "SaaSAdmin", "web\SaaSAdmin\SaaSAdmin.csproj", "{D53EE22A-5A38-43BD-B43F-A28E9BDDD01D}"
EndProject
Project("{2150E333-8FDC-42A3-9474-1A3956D46DE8}") = "web", "web", "{02EA681E-C7D8-13C7-8484-4AC65E1B71E8}"
EndProject
Project("{2150E333-8FDC-42A3-9474-1A3956D46DE8}") = "backend", "backend", "{1AE8ACA6-933B-BF2A-3671-3E2EAC007D16}"
EndProject
Project("{2150E333-8FDC-42A3-9474-1A3956D46DE8}") = "src", "src", "{0F9113EE-888A-26D2-68B0-4A7D0A2A8745}"
EndProject
Project("{FAE04EC0-301F-11D3-BF4B-00C04F79EFBC}") = "RentFlow.Api", "backend\src\RentFlow.Api\RentFlow.Api.csproj", "{77644CD5-B8AE-4807-A3F2-0B0E5A12BAE7}"
EndProject
Project("{FAE04EC0-301F-11D3-BF4B-00C04F79EFBC}") = "RentFlow.Application", "backend\src\RentFlow.Application\RentFlow.Application.csproj", "{46A715CD-4A17-4C08-BC9E-5C9B51834000}"
EndProject
Project("{FAE04EC0-301F-11D3-BF4B-00C04F79EFBC}") = "RentFlow.Contracts", "backend\src\RentFlow.Contracts\RentFlow.Contracts.csproj", "{0FA5ED1F-F10E-40BB-9D35-768EDCAE17A9}"
EndProject
Project("{FAE04EC0-301F-11D3-BF4B-00C04F79EFBC}") = "RentFlow.Domain", "backend\src\RentFlow.Domain\RentFlow.Domain.csproj", "{388D0022-1BE6-43E9-83C0-9F7424BE7A98}"
EndProject
Project("{FAE04EC0-301F-11D3-BF4B-00C04F79EFBC}") = "RentFlow.Infrastructure", "backend\src\RentFlow.Infrastructure\RentFlow.Infrastructure.csproj", "{86D6F1F7-97D7-4E0B-8353-6A3FBA2FF07F}"
EndProject
Project("{2150E333-8FDC-42A3-9474-1A3956D46DE8}") = "tests", "tests", "{F57642F3-C37C-D174-720E-6A6AAD5BEE22}"
EndProject
Project("{FAE04EC0-301F-11D3-BF4B-00C04F79EFBC}") = "RentFlow.Api.Tests", "backend\tests\RentFlow.Api.Tests\RentFlow.Api.Tests.csproj", "{6B7647A6-2B9E-45FC-ABAD-37B34D81015E}"
EndProject
Project("{FAE04EC0-301F-11D3-BF4B-00C04F79EFBC}") = "RentFlow.Application.Tests", "backend\tests\RentFlow.Application.Tests\RentFlow.Application.Tests.csproj", "{D1E34FFF-AA62-4BEC-ACFC-A59D507D56BC}"
EndProject
Project("{FAE04EC0-301F-11D3-BF4B-00C04F79EFBC}") = "RentFlow.Infrastructure.Tests", "backend\tests\RentFlow.Infrastructure.Tests\RentFlow.Infrastructure.Tests.csproj", "{92A5E1BF-156A-4E43-B9C3-80D93A04585F}"
EndProject
Project("{2150E333-8FDC-42A3-9474-1A3956D46DE8}") = "docs", "docs", "{208BA388-4CEE-2CBF-559C-5607C099C1F8}"
	ProjectSection(SolutionItems) = preProject
		docs\COPILOT_CONTEXT.md = docs\COPILOT_CONTEXT.md
	EndProjectSection
EndProject
Project("{2150E333-8FDC-42A3-9474-1A3956D46DE8}") = "PRD", "PRD", "{6B9BE2B0-5C36-9539-68BB-FB8DEFEBE1F4}"
	ProjectSection(SolutionItems) = preProject
		docs\PRD\RentFlow_PRD_3.6.md = docs\PRD\RentFlow_PRD_3.6.md
		docs\PRD\RentFlow_PRD_3.6.pdf = docs\PRD\RentFlow_PRD_3.6.pdf
	EndProjectSection
EndProject
Global
	GlobalSection(SolutionConfigurationPlatforms) = preSolution
		Debug|Any CPU = Debug|Any CPU
		Debug|x64 = Debug|x64
		Debug|x86 = Debug|x86
		Release|Any CPU = Release|Any CPU
		Release|x64 = Release|x64
		Release|x86 = Release|x86
	EndGlobalSection
	GlobalSection(ProjectConfigurationPlatforms) = postSolution
		{ED36BB51-C904-4E51-972F-D84C44B103A9}.Debug|Any CPU.ActiveCfg = Debug|Any CPU
		{ED36BB51-C904-4E51-972F-D84C44B103A9}.Debug|Any CPU.Build.0 = Debug|Any CPU
		{ED36BB51-C904-4E51-972F-D84C44B103A9}.Debug|x64.ActiveCfg = Debug|Any CPU
		{ED36BB51-C904-4E51-972F-D84C44B103A9}.Debug|x64.Build.0 = Debug|Any CPU
		{ED36BB51-C904-4E51-972F-D84C44B103A9}.Debug|x86.ActiveCfg = Debug|Any CPU
		{ED36BB51-C904-4E51-972F-D84C44B103A9}.Debug|x86.Build.0 = Debug|Any CPU
		{ED36BB51-C904-4E51-972F-D84C44B103A9}.Release|Any CPU.ActiveCfg = Release|Any CPU
		{ED36BB51-C904-4E51-972F-D84C44B103A9}.Release|Any CPU.Build.0 = Release|Any CPU
		{ED36BB51-C904-4E51-972F-D84C44B103A9}.Release|x64.ActiveCfg = Release|Any CPU
		{ED36BB51-C904-4E51-972F-D84C44B103A9}.Release|x64.Build.0 = Release|Any CPU
		{ED36BB51-C904-4E51-972F-D84C44B103A9}.Release|x86.ActiveCfg = Release|Any CPU
		{ED36BB51-C904-4E51-972F-D84C44B103A9}.Release|x86.Build.0 = Release|Any CPU
		{D53EE22A-5A38-43BD-B43F-A28E9BDDD01D}.Debug|Any CPU.ActiveCfg = Debug|Any CPU
		{D53EE22A-5A38-43BD-B43F-A28E9BDDD01D}.Debug|Any CPU.Build.0 = Debug|Any CPU
		{D53EE22A-5A38-43BD-B43F-A28E9BDDD01D}.Debug|x64.ActiveCfg = Debug|Any CPU
		{D53EE22A-5A38-43BD-B43F-A28E9BDDD01D}.Debug|x64.Build.0 = Debug|Any CPU
		{D53EE22A-5A38-43BD-B43F-A28E9BDDD01D}.Debug|x86.ActiveCfg = Debug|Any CPU
		{D53EE22A-5A38-43BD-B43F-A28E9BDDD01D}.Debug|x86.Build.0 = Debug|Any CPU
		{D53EE22A-5A38-43BD-B43F-A28E9BDDD01D}.Release|Any CPU.ActiveCfg = Release|Any CPU
		{D53EE22A-5A38-43BD-B43F-A28E9BDDD01D}.Release|Any CPU.Build.0 = Release|Any CPU
		{D53EE22A-5A38-43BD-B43F-A28E9BDDD01D}.Release|x64.ActiveCfg = Release|Any CPU
		{D53EE22A-5A38-43BD-B43F-A28E9BDDD01D}.Release|x64.Build.0 = Release|Any CPU
		{D53EE22A-5A38-43BD-B43F-A28E9BDDD01D}.Release|x86.ActiveCfg = Release|Any CPU
		{D53EE22A-5A38-43BD-B43F-A28E9BDDD01D}.Release|x86.Build.0 = Release|Any CPU
		{77644CD5-B8AE-4807-A3F2-0B0E5A12BAE7}.Debug|Any CPU.ActiveCfg = Debug|Any CPU
		{77644CD5-B8AE-4807-A3F2-0B0E5A12BAE7}.Debug|Any CPU.Build.0 = Debug|Any CPU
		{77644CD5-B8AE-4807-A3F2-0B0E5A12BAE7}.Debug|x64.ActiveCfg = Debug|Any CPU
		{77644CD5-B8AE-4807-A3F2-0B0E5A12BAE7}.Debug|x64.Build.0 = Debug|Any CPU
		{77644CD5-B8AE-4807-A3F2-0B0E5A12BAE7}.Debug|x86.ActiveCfg = Debug|Any CPU
		{77644CD5-B8AE-4807-A3F2-0B0E5A12BAE7}.Debug|x86.Build.0 = Debug|Any CPU
		{77644CD5-B8AE-4807-A3F2-0B0E5A12BAE7}.Release|Any CPU.ActiveCfg = Release|Any CPU
		{77644CD5-B8AE-4807-A3F2-0B0E5A12BAE7}.Release|Any CPU.Build.0 = Release|Any CPU
		{77644CD5-B8AE-4807-A3F2-0B0E5A12BAE7}.Release|x64.ActiveCfg = Release|Any CPU
		{77644CD5-B8AE-4807-A3F2-0B0E5A12BAE7}.Release|x64.Build.0 = Release|Any CPU
		{77644CD5-B8AE-4807-A3F2-0B0E5A12BAE7}.Release|x86.ActiveCfg = Release|Any CPU
		{77644CD5-B8AE-4807-A3F2-0B0E5A12BAE7}.Release|x86.Build.0 = Release|Any CPU
		{46A715CD-4A17-4C08-BC9E-5C9B51834000}.Debug|Any CPU.ActiveCfg = Debug|Any CPU
		{46A715CD-4A17-4C08-BC9E-5C9B51834000}.Debug|Any CPU.Build.0 = Debug|Any CPU
		{46A715CD-4A17-4C08-BC9E-5C9B51834000}.Debug|x64.ActiveCfg = Debug|Any CPU
		{46A715CD-4A17-4C08-BC9E-5C9B51834000}.Debug|x64.Build.0 = Debug|Any CPU
		{46A715CD-4A17-4C08-BC9E-5C9B51834000}.Debug|x86.ActiveCfg = Debug|Any CPU
		{46A715CD-4A17-4C08-BC9E-5C9B51834000}.Debug|x86.Build.0 = Debug|Any CPU
		{46A715CD-4A17-4C08-BC9E-5C9B51834000}.Release|Any CPU.ActiveCfg = Release|Any CPU
		{46A715CD-4A17-4C08-BC9E-5C9B51834000}.Release|Any CPU.Build.0 = Release|Any CPU
		{46A715CD-4A17-4C08-BC9E-5C9B51834000}.Release|x64.ActiveCfg = Release|Any CPU
		{46A715CD-4A17-4C08-BC9E-5C9B51834000}.Release|x64.Build.0 = Release|Any CPU
		{46A715CD-4A17-4C08-BC9E-5C9B51834000}.Release|x86.ActiveCfg = Release|Any CPU
		{46A715CD-4A17-4C08-BC9E-5C9B51834000}.Release|x86.Build.0 = Release|Any CPU
		{0FA5ED1F-F10E-40BB-9D35-768EDCAE17A9}.Debug|Any CPU.ActiveCfg = Debug|Any CPU
		{0FA5ED1F-F10E-40BB-9D35-768EDCAE17A9}.Debug|Any CPU.Build.0 = Debug|Any CPU
		{0FA5ED1F-F10E-40BB-9D35-768EDCAE17A9}.Debug|x64.ActiveCfg = Debug|Any CPU
		{0FA5ED1F-F10E-40BB-9D35-768EDCAE17A9}.Debug|x64.Build.0 = Debug|Any CPU
		{0FA5ED1F-F10E-40BB-9D35-768EDCAE17A9}.Debug|x86.ActiveCfg = Debug|Any CPU
		{0FA5ED1F-F10E-40BB-9D35-768EDCAE17A9}.Debug|x86.Build.0 = Debug|Any CPU
		{0FA5ED1F-F10E-40BB-9D35-768EDCAE17A9}.Release|Any CPU.ActiveCfg = Release|Any CPU
		{0FA5ED1F-F10E-40BB-9D35-768EDCAE17A9}.Release|Any CPU.Build.0 = Release|Any CPU
		{0FA5ED1F-F10E-40BB-9D35-768EDCAE17A9}.Release|x64.ActiveCfg = Release|Any CPU
		{0FA5ED1F-F10E-40BB-9D35-768EDCAE17A9}.Release|x64.Build.0 = Release|Any CPU
		{0FA5ED1F-F10E-40BB-9D35-768EDCAE17A9}.Release|x86.ActiveCfg = Release|Any CPU
		{0FA5ED1F-F10E-40BB-9D35-768EDCAE17A9}.Release|x86.Build.0 = Release|Any CPU
		{388D0022-1BE6-43E9-83C0-9F7424BE7A98}.Debug|Any CPU.ActiveCfg = Debug|Any CPU
		{388D0022-1BE6-43E9-83C0-9F7424BE7A98}.Debug|Any CPU.Build.0 = Debug|Any CPU
		{388D0022-1BE6-43E9-83C0-9F7424BE7A98}.Debug|x64.ActiveCfg = Debug|Any CPU
		{388D0022-1BE6-43E9-83C0-9F7424BE7A98}.Debug|x64.Build.0 = Debug|Any CPU
		{388D0022-1BE6-43E9-83C0-9F7424BE7A98}.Debug|x86.ActiveCfg = Debug|Any CPU
		{388D0022-1BE6-43E9-83C0-9F7424BE7A98}.Debug|x86.Build.0 = Debug|Any CPU
		{388D0022-1BE6-43E9-83C0-9F7424BE7A98}.Release|Any CPU.ActiveCfg = Release|Any CPU
		{388D0022-1BE6-43E9-83C0-9F7424BE7A98}.Release|Any CPU.Build.0 = Release|Any CPU
		{388D0022-1BE6-43E9-83C0-9F7424BE7A98}.Release|x64.ActiveCfg = Release|Any CPU
		{388D0022-1BE6-43E9-83C0-9F7424BE7A98}.Release|x64.Build.0 = Release|Any CPU
		{388D0022-1BE6-43E9-83C0-9F7424BE7A98}.Release|x86.ActiveCfg = Release|Any CPU
		{388D0022-1BE6-43E9-83C0-9F7424BE7A98}.Release|x86.Build.0 = Release|Any CPU
		{86D6F1F7-97D7-4E0B-8353-6A3FBA2FF07F}.Debug|Any CPU.ActiveCfg = Debug|Any CPU
		{86D6F1F7-97D7-4E0B-8353-6A3FBA2FF07F}.Debug|Any CPU.Build.0 = Debug|Any CPU
		{86D6F1F7-97D7-4E0B-8353-6A3FBA2FF07F}.Debug|x64.ActiveCfg = Debug|Any CPU
		{86D6F1F7-97D7-4E0B-8353-6A3FBA2FF07F}.Debug|x64.Build.0 = Debug|Any CPU
		{86D6F1F7-97D7-4E0B-8353-6A3FBA2FF07F}.Debug|x86.ActiveCfg = Debug|Any CPU
		{86D6F1F7-97D7-4E0B-8353-6A3FBA2FF07F}.Debug|x86.Build.0 = Debug|Any CPU
		{86D6F1F7-97D7-4E0B-8353-6A3FBA2FF07F}.Release|Any CPU.ActiveCfg = Release|Any CPU
		{86D6F1F7-97D7-4E0B-8353-6A3FBA2FF07F}.Release|Any CPU.Build.0 = Release|Any CPU
		{86D6F1F7-97D7-4E0B-8353-6A3FBA2FF07F}.Release|x64.ActiveCfg = Release|Any CPU
		{86D6F1F7-97D7-4E0B-8353-6A3FBA2FF07F}.Release|x64.Build.0 = Release|Any CPU
		{86D6F1F7-97D7-4E0B-8353-6A3FBA2FF07F}.Release|x86.ActiveCfg = Release|Any CPU
		{86D6F1F7-97D7-4E0B-8353-6A3FBA2FF07F}.Release|x86.Build.0 = Release|Any CPU
		{6B7647A6-2B9E-45FC-ABAD-37B34D81015E}.Debug|Any CPU.ActiveCfg = Debug|Any CPU
		{6B7647A6-2B9E-45FC-ABAD-37B34D81015E}.Debug|Any CPU.Build.0 = Debug|Any CPU
		{6B7647A6-2B9E-45FC-ABAD-37B34D81015E}.Debug|x64.ActiveCfg = Debug|Any CPU
		{6B7647A6-2B9E-45FC-ABAD-37B34D81015E}.Debug|x64.Build.0 = Debug|Any CPU
		{6B7647A6-2B9E-45FC-ABAD-37B34D81015E}.Debug|x86.ActiveCfg = Debug|Any CPU
		{6B7647A6-2B9E-45FC-ABAD-37B34D81015E}.Debug|x86.Build.0 = Debug|Any CPU
		{6B7647A6-2B9E-45FC-ABAD-37B34D81015E}.Release|Any CPU.ActiveCfg = Release|Any CPU
		{6B7647A6-2B9E-45FC-ABAD-37B34D81015E}.Release|Any CPU.Build.0 = Release|Any CPU
		{6B7647A6-2B9E-45FC-ABAD-37B34D81015E}.Release|x64.ActiveCfg = Release|Any CPU
		{6B7647A6-2B9E-45FC-ABAD-37B34D81015E}.Release|x64.Build.0 = Release|Any CPU
		{6B7647A6-2B9E-45FC-ABAD-37B34D81015E}.Release|x86.ActiveCfg = Release|Any CPU
		{6B7647A6-2B9E-45FC-ABAD-37B34D81015E}.Release|x86.Build.0 = Release|Any CPU
		{D1E34FFF-AA62-4BEC-ACFC-A59D507D56BC}.Debug|Any CPU.ActiveCfg = Debug|Any CPU
		{D1E34FFF-AA62-4BEC-ACFC-A59D507D56BC}.Debug|Any CPU.Build.0 = Debug|Any CPU
		{D1E34FFF-AA62-4BEC-ACFC-A59D507D56BC}.Debug|x64.ActiveCfg = Debug|Any CPU
		{D1E34FFF-AA62-4BEC-ACFC-A59D507D56BC}.Debug|x64.Build.0 = Debug|Any CPU
		{D1E34FFF-AA62-4BEC-ACFC-A59D507D56BC}.Debug|x86.ActiveCfg = Debug|Any CPU
		{D1E34FFF-AA62-4BEC-ACFC-A59D507D56BC}.Debug|x86.Build.0 = Debug|Any CPU
		{D1E34FFF-AA62-4BEC-ACFC-A59D507D56BC}.Release|Any CPU.ActiveCfg = Release|Any CPU
		{D1E34FFF-AA62-4BEC-ACFC-A59D507D56BC}.Release|Any CPU.Build.0 = Release|Any CPU
		{D1E34FFF-AA62-4BEC-ACFC-A59D507D56BC}.Release|x64.ActiveCfg = Release|Any CPU
		{D1E34FFF-AA62-4BEC-ACFC-A59D507D56BC}.Release|x64.Build.0 = Release|Any CPU
		{D1E34FFF-AA62-4BEC-ACFC-A59D507D56BC}.Release|x86.ActiveCfg = Release|Any CPU
		{D1E34FFF-AA62-4BEC-ACFC-A59D507D56BC}.Release|x86.Build.0 = Release|Any CPU
		{92A5E1BF-156A-4E43-B9C3-80D93A04585F}.Debug|Any CPU.ActiveCfg = Debug|Any CPU
		{92A5E1BF-156A-4E43-B9C3-80D93A04585F}.Debug|Any CPU.Build.0 = Debug|Any CPU
		{92A5E1BF-156A-4E43-B9C3-80D93A04585F}.Debug|x64.ActiveCfg = Debug|Any CPU
		{92A5E1BF-156A-4E43-B9C3-80D93A04585F}.Debug|x64.Build.0 = Debug|Any CPU
		{92A5E1BF-156A-4E43-B9C3-80D93A04585F}.Debug|x86.ActiveCfg = Debug|Any CPU
		{92A5E1BF-156A-4E43-B9C3-80D93A04585F}.Debug|x86.Build.0 = Debug|Any CPU
		{92A5E1BF-156A-4E43-B9C3-80D93A04585F}.Release|Any CPU.ActiveCfg = Release|Any CPU
		{92A5E1BF-156A-4E43-B9C3-80D93A04585F}.Release|Any CPU.Build.0 = Release|Any CPU
		{92A5E1BF-156A-4E43-B9C3-80D93A04585F}.Release|x64.ActiveCfg = Release|Any CPU
		{92A5E1BF-156A-4E43-B9C3-80D93A04585F}.Release|x64.Build.0 = Release|Any CPU
		{92A5E1BF-156A-4E43-B9C3-80D93A04585F}.Release|x86.ActiveCfg = Release|Any CPU
		{92A5E1BF-156A-4E43-B9C3-80D93A04585F}.Release|x86.Build.0 = Release|Any CPU
	EndGlobalSection
	GlobalSection(SolutionProperties) = preSolution
		HideSolutionNode = FALSE
	EndGlobalSection
	GlobalSection(NestedProjects) = preSolution
		{ED36BB51-C904-4E51-972F-D84C44B103A9} = {02EA681E-C7D8-13C7-8484-4AC65E1B71E8}
		{D53EE22A-5A38-43BD-B43F-A28E9BDDD01D} = {02EA681E-C7D8-13C7-8484-4AC65E1B71E8}
		{0F9113EE-888A-26D2-68B0-4A7D0A2A8745} = {1AE8ACA6-933B-BF2A-3671-3E2EAC007D16}
		{77644CD5-B8AE-4807-A3F2-0B0E5A12BAE7} = {0F9113EE-888A-26D2-68B0-4A7D0A2A8745}
		{46A715CD-4A17-4C08-BC9E-5C9B51834000} = {0F9113EE-888A-26D2-68B0-4A7D0A2A8745}
		{0FA5ED1F-F10E-40BB-9D35-768EDCAE17A9} = {0F9113EE-888A-26D2-68B0-4A7D0A2A8745}
		{388D0022-1BE6-43E9-83C0-9F7424BE7A98} = {0F9113EE-888A-26D2-68B0-4A7D0A2A8745}
		{86D6F1F7-97D7-4E0B-8353-6A3FBA2FF07F} = {0F9113EE-888A-26D2-68B0-4A7D0A2A8745}
		{F57642F3-C37C-D174-720E-6A6AAD5BEE22} = {1AE8ACA6-933B-BF2A-3671-3E2EAC007D16}
		{6B7647A6-2B9E-45FC-ABAD-37B34D81015E} = {F57642F3-C37C-D174-720E-6A6AAD5BEE22}
		{D1E34FFF-AA62-4BEC-ACFC-A59D507D56BC} = {F57642F3-C37C-D174-720E-6A6AAD5BEE22}
		{92A5E1BF-156A-4E43-B9C3-80D93A04585F} = {F57642F3-C37C-D174-720E-6A6AAD5BEE22}
		{6B9BE2B0-5C36-9539-68BB-FB8DEFEBE1F4} = {208BA388-4CEE-2CBF-559C-5607C099C1F8}
	EndGlobalSection
	GlobalSection(ExtensibilityGlobals) = postSolution
		SolutionGuid = {5494AB85-CC07-4CAD-9001-C461D3E70127}
	EndGlobalSection
EndGlobal
